
Microsoft Visual Studio Solution File, Format Version 12.00
# Visual Studio Version 17
VisualStudioVersion = 17.10.35122.118
MinimumVisualStudioVersion = 10.0.40219.1
Project("{9A19103F-16F7-4668-BE54-9A1E7A4F7556}") = "LingoShift", "LingoShift\LingoShift.csproj", "{0336CAD7-B2C4-4A9C-93DE-DE5E23B4A04C}"
EndProject
Project("{9A19103F-16F7-4668-BE54-9A1E7A4F7556}") = "LingoShift.Desktop", "LingoShift.Desktop\LingoShift.Desktop.csproj", "{F0CF3755-73F6-4C9B-9270-F74280E65F8D}"
EndProject
Project("{9A19103F-16F7-4668-BE54-9A1E7A4F7556}") = "LingoShift.Domain", "LingoShift.Domain\LingoShift.Domain.csproj", "{96047004-331D-48B1-9A3D-D649FC4608E4}"
EndProject
Project("{9A19103F-16F7-4668-BE54-9A1E7A4F7556}") = "LingoShift.Application", "LingoShift.Application\LingoShift.Application.csproj", "{57B4D830-39E9-41CF-9FC2-905B6D358B4F}"
EndProject
Project("{9A19103F-16F7-4668-BE54-9A1E7A4F7556}") = "LingoShift.Infrastructure", "LingoShift.Infrastructure\LingoShift.Infrastructure.csproj", "{C1D3372E-E517-44EE-8E9C-2057CCC588CC}"
EndProject
Global
	GlobalSection(SolutionConfigurationPlatforms) = preSolution
		Debug|Any CPU = Debug|Any CPU
		Release|Any CPU = Release|Any CPU
	EndGlobalSection
	GlobalSection(ProjectConfigurationPlatforms) = postSolution
		{0336CAD7-B2C4-4A9C-93DE-DE5E23B4A04C}.Debug|Any CPU.ActiveCfg = Debug|Any CPU
		{0336CAD7-B2C4-4A9C-93DE-DE5E23B4A04C}.Debug|Any CPU.Build.0 = Debug|Any CPU
		{0336CAD7-B2C4-4A9C-93DE-DE5E23B4A04C}.Release|Any CPU.ActiveCfg = Release|Any CPU
		{0336CAD7-B2C4-4A9C-93DE-DE5E23B4A04C}.Release|Any CPU.Build.0 = Release|Any CPU
		{F0CF3755-73F6-4C9B-9270-F74280E65F8D}.Debug|Any CPU.ActiveCfg = Debug|Any CPU
		{F0CF3755-73F6-4C9B-9270-F74280E65F8D}.Debug|Any CPU.Build.0 = Debug|Any CPU
		{F0CF3755-73F6-4C9B-9270-F74280E65F8D}.Release|Any CPU.ActiveCfg = Release|Any CPU
		{F0CF3755-73F6-4C9B-9270-F74280E65F8D}.Release|Any CPU.Build.0 = Release|Any CPU
		{96047004-331D-48B1-9A3D-D649FC4608E4}.Debug|Any CPU.ActiveCfg = Debug|Any CPU
		{96047004-331D-48B1-9A3D-D649FC4608E4}.Debug|Any CPU.Build.0 = Debug|Any CPU
		{96047004-331D-48B1-9A3D-D649FC4608E4}.Release|Any CPU.ActiveCfg = Release|Any CPU
		{96047004-331D-48B1-9A3D-D649FC4608E4}.Release|Any CPU.Build.0 = Release|Any CPU
		{57B4D830-39E9-41CF-9FC2-905B6D358B4F}.Debug|Any CPU.ActiveCfg = Debug|Any CPU
		{57B4D830-39E9-41CF-9FC2-905B6D358B4F}.Debug|Any CPU.Build.0 = Debug|Any CPU
		{57B4D830-39E9-41CF-9FC2-905B6D358B4F}.Release|Any CPU.ActiveCfg = Release|Any CPU
		{57B4D830-39E9-41CF-9FC2-905B6D358B4F}.Release|Any CPU.Build.0 = Release|Any CPU
		{C1D3372E-E517-44EE-8E9C-2057CCC588CC}.Debug|Any CPU.ActiveCfg = Debug|Any CPU
		{C1D3372E-E517-44EE-8E9C-2057CCC588CC}.Debug|Any CPU.Build.0 = Debug|Any CPU
		{C1D3372E-E517-44EE-8E9C-2057CCC588CC}.Release|Any CPU.ActiveCfg = Release|Any CPU
		{C1D3372E-E517-44EE-8E9C-2057CCC588CC}.Release|Any CPU.Build.0 = Release|Any CPU
	EndGlobalSection
	GlobalSection(SolutionProperties) = preSolution
		HideSolutionNode = FALSE
	EndGlobalSection
	GlobalSection(ExtensibilityGlobals) = postSolution
		SolutionGuid = {4B7156C2-B1B2-41CE-9614-BE738A04ACD5}
	EndGlobalSection
EndGlobal
